
Microsoft Visual Studio Solution File, Format Version 12.00
# Visual Studio Version 16
VisualStudioVersion = 16.0.32602.291
MinimumVisualStudioVersion = 10.0.40219.1
Project("{8BC9CEB8-8B4A-11D0-8D11-00A0C91BC942}") = "TocPatcher", "TocPatcher.vcxproj", "{56528A5D-2A4E-41E6-B9D1-A65B35D33831}"
EndProject
Global
	GlobalSection(SolutionConfigurationPlatforms) = preSolution
		Debug|x64 = Debug|x64
		Debug|x86 = Debug|x86
		Release|x64 = Release|x64
		Release|x86 = Release|x86
	EndGlobalSection
	GlobalSection(ProjectConfigurationPlatforms) = postSolution
		{56528A5D-2A4E-41E6-B9D1-A65B35D33831}.Debug|x64.ActiveCfg = Debug|x64
		{56528A5D-2A4E-41E6-B9D1-A65B35D33831}.Debug|x64.Build.0 = Debug|x64
		{56528A5D-2A4E-41E6-B9D1-A65B35D33831}.Debug|x86.ActiveCfg = Debug|Win32
		{56528A5D-2A4E-41E6-B9D1-A65B35D33831}.Debug|x86.Build.0 = Debug|Win32
		{56528A5D-2A4E-41E6-B9D1-A65B35D33831}.Release|x64.ActiveCfg = Release|x64
		{56528A5D-2A4E-41E6-B9D1-A65B35D33831}.Release|x64.Build.0 = Release|x64
		{56528A5D-2A4E-41E6-B9D1-A65B35D33831}.Release|x86.ActiveCfg = Release|Win32
		{56528A5D-2A4E-41E6-B9D1-A65B35D33831}.Release|x86.Build.0 = Release|Win32
	EndGlobalSection
	GlobalSection(SolutionProperties) = preSolution
		HideSolutionNode = FALSE
	EndGlobalSection
	GlobalSection(ExtensibilityGlobals) = postSolution
		SolutionGuid = {7759CF8D-8451-4E45-BBAC-364F9DF49E8C}
	EndGlobalSection
EndGlobal
